
Microsoft Visual Studio Solution File, Format Version 12.00
# Visual Studio Version 17
VisualStudioVersion = 17.1.32328.378
MinimumVisualStudioVersion = 10.0.40219.1
Project("{9A19103F-16F7-4668-BE54-9A1E7A4F7556}") = "BookCoverCreator", "BookCoverCreator.csproj", "{9B893D49-4F75-481E-A918-EFBCCF094F76}"
EndProject
Global
	GlobalSection(SolutionConfigurationPlatforms) = preSolution
		Debug|Any CPU = Debug|Any CPU
		Release|Any CPU = Release|Any CPU
	EndGlobalSection
	GlobalSection(ProjectConfigurationPlatforms) = postSolution
		{9B893D49-4F75-481E-A918-EFBCCF094F76}.Debug|Any CPU.ActiveCfg = Debug|Any CPU
		{9B893D49-4F75-481E-A918-EFBCCF094F76}.Debug|Any CPU.Build.0 = Debug|Any CPU
		{9B893D49-4F75-481E-A918-EFBCCF094F76}.Release|Any CPU.ActiveCfg = Release|Any CPU
		{9B893D49-4F75-481E-A918-EFBCCF094F76}.Release|Any CPU.Build.0 = Release|Any CPU
	EndGlobalSection
	GlobalSection(SolutionProperties) = preSolution
		HideSolutionNode = FALSE
	EndGlobalSection
	GlobalSection(ExtensibilityGlobals) = postSolution
		SolutionGuid = {574A8529-C1F4-4DCB-A8F5-4534F2248D1D}
	EndGlobalSection
EndGlobal
